{
  "pins" : [
    {
      "identity" : "exceptioncatcher",
      "kind" : "remoteSourceControl",
      "location" : "https://github.com/stateman92/ExceptionCatcher",
      "state" : {
        "revision" : "9c50ab01dc439acd731330d101ec40b511f07669",
        "version" : "2.0.7"
      }
    }
  ],
  "version" : 2
}
