// !$*UTF8*$!
{
	archiveVersion = 1;
	classes = {
	};
	objectVersion = 56;
	objects = {

/* Begin PBXBuildFile section */
		58F81A5F29BE2EB000BCD40C /* ExampleApp.swift in Sources */ = {isa = PBXBuildFile; fileRef = 58F81A5E29BE2EB000BCD40C /* ExampleApp.swift */; };
		58F81A6129BE2EB000BCD40C /* ContentView.swift in Sources */ = {isa = PBXBuildFile; fileRef = 58F81A6029BE2EB000BCD40C /* ContentView.swift */; };
		58F81A6329BE2EB000BCD40C /* Assets.xcassets in Resources */ = {isa = PBXBuildFile; fileRef = 58F81A6229BE2EB000BCD40C /* Assets.xcassets */; };
		58F81A6629BE2EB100BCD40C /* Preview Assets.xcassets in Resources */ = {isa = PBXBuildFile; fileRef = 58F81A6529BE2EB100BCD40C /* Preview Assets.xcassets */; };
		58F81A7029BE2EB100BCD40C /* ExampleTests.swift in Sources */ = {isa = PBXBuildFile; fileRef = 58F81A6F29BE2EB100BCD40C /* ExampleTests.swift */; };
		58F81A7A29BE2EB100BCD40C /* ExampleUITests.swift in Sources */ = {isa = PBXBuildFile; fileRef = 58F81A7929BE2EB100BCD40C /* ExampleUITests.swift */; };
		58F81A7C29BE2EB100BCD40C /* ExampleUITestsLaunchTests.swift in Sources */ = {isa = PBXBuildFile; fileRef = 58F81A7B29BE2EB100BCD40C /* ExampleUITestsLaunchTests.swift */; };
		58F81A8A29BE2F2D00BCD40C /* Coder in Frameworks */ = {isa = PBXBuildFile; productRef = 58F81A8929BE2F2D00BCD40C /* Coder */; };
/* End PBXBuildFile section */

/* Begin PBXContainerItemProxy section */
		58F81A6C29BE2EB100BCD40C /* PBXContainerItemProxy */ = {
			isa = PBXContainerItemProxy;
			containerPortal = 58F81A5329BE2EB000BCD40C /* Project object */;
			proxyType = 1;
			remoteGlobalIDString = 58F81A5A29BE2EB000BCD40C;
			remoteInfo = Example;
		};
		58F81A7629BE2EB100BCD40C /* PBXContainerItemProxy */ = {
			isa = PBXContainerItemProxy;
			containerPortal = 58F81A5329BE2EB000BCD40C /* Project object */;
			proxyType = 1;
			remoteGlobalIDString = 58F81A5A29BE2EB000BCD40C;
			remoteInfo = Example;
		};
/* End PBXContainerItemProxy section */

/* Begin PBXFileReference section */
		58F81A5B29BE2EB000BCD40C /* Example.app */ = {isa = PBXFileReference; explicitFileType = wrapper.application; includeInIndex = 0; path = Example.app; sourceTree = BUILT_PRODUCTS_DIR; };
		58F81A5E29BE2EB000BCD40C /* ExampleApp.swift */ = {isa = PBXFileReference; lastKnownFileType = sourcecode.swift; path = ExampleApp.swift; sourceTree = "<group>"; };
		58F81A6029BE2EB000BCD40C /* ContentView.swift */ = {isa = PBXFileReference; lastKnownFileType = sourcecode.swift; path = ContentView.swift; sourceTree = "<group>"; };
		58F81A6229BE2EB000BCD40C /* Assets.xcassets */ = {isa = PBXFileReference; lastKnownFileType = folder.assetcatalog; path = Assets.xcassets; sourceTree = "<group>"; };
		58F81A6529BE2EB100BCD40C /* Preview Assets.xcassets */ = {isa = PBXFileReference; lastKnownFileType = folder.assetcatalog; path = "Preview Assets.xcassets"; sourceTree = "<group>"; };
		58F81A6B29BE2EB100BCD40C /* ExampleTests.xctest */ = {isa = PBXFileReference; explicitFileType = wrapper.cfbundle; includeInIndex = 0; path = ExampleTests.xctest; sourceTree = BUILT_PRODUCTS_DIR; };
		58F81A6F29BE2EB100BCD40C /* ExampleTests.swift */ = {isa = PBXFileReference; lastKnownFileType = sourcecode.swift; path = ExampleTests.swift; sourceTree = "<group>"; };
		58F81A7529BE2EB100BCD40C /* ExampleUITests.xctest */ = {isa = PBXFileReference; explicitFileType = wrapper.cfbundle; includeInIndex = 0; path = ExampleUITests.xctest; sourceTree = BUILT_PRODUCTS_DIR; };
		58F81A7929BE2EB100BCD40C /* ExampleUITests.swift */ = {isa = PBXFileReference; lastKnownFileType = sourcecode.swift; path = ExampleUITests.swift; sourceTree = "<group>"; };
		58F81A7B29BE2EB100BCD40C /* ExampleUITestsLaunchTests.swift */ = {isa = PBXFileReference; lastKnownFileType = sourcecode.swift; path = ExampleUITestsLaunchTests.swift; sourceTree = "<group>"; };
/* End PBXFileReference section */

/* Begin PBXFrameworksBuildPhase section */
		58F81A5829BE2EB000BCD40C /* Frameworks */ = {
			isa = PBXFrameworksBuildPhase;
			buildActionMask = 2147483647;
			files = (
				58F81A8A29BE2F2D00BCD40C /* Coder in Frameworks */,
			);
			runOnlyForDeploymentPostprocessing = 0;
		};
		58F81A6829BE2EB100BCD40C /* Frameworks */ = {
			isa = PBXFrameworksBuildPhase;
			buildActionMask = 2147483647;
			files = (
			);
			runOnlyForDeploymentPostprocessing = 0;
		};
		58F81A7229BE2EB100BCD40C /* Frameworks */ = {
			isa = PBXFrameworksBuildPhase;
			buildActionMask = 2147483647;
			files = (
			);
			runOnlyForDeploymentPostprocessing = 0;
		};
/* End PBXFrameworksBuildPhase section */

/* Begin PBXGroup section */
		58F81A5229BE2EB000BCD40C = {
			isa = PBXGroup;
			children = (
				58F81A5D29BE2EB000BCD40C /* Example */,
				58F81A6E29BE2EB100BCD40C /* ExampleTests */,
				58F81A7829BE2EB100BCD40C /* ExampleUITests */,
				58F81A5C29BE2EB000BCD40C /* Products */,
			);
			sourceTree = "<group>";
		};
		58F81A5C29BE2EB000BCD40C /* Products */ = {
			isa = PBXGroup;
			children = (
				58F81A5B29BE2EB000BCD40C /* Example.app */,
				58F81A6B29BE2EB100BCD40C /* ExampleTests.xctest */,
				58F81A7529BE2EB100BCD40C /* ExampleUITests.xctest */,
			);
			name = Products;
			sourceTree = "<group>";
		};
		58F81A5D29BE2EB000BCD40C /* Example */ = {
			isa = PBXGroup;
			children = (
				58F81A5E29BE2EB000BCD40C /* ExampleApp.swift */,
				58F81A6029BE2EB000BCD40C /* ContentView.swift */,
				58F81A6229BE2EB000BCD40C /* Assets.xcassets */,
				58F81A6429BE2EB100BCD40C /* Preview Content */,
			);
			path = Example;
			sourceTree = "<group>";
		};
		58F81A6429BE2EB100BCD40C /* Preview Content */ = {
			isa = PBXGroup;
			children = (
				58F81A6529BE2EB100BCD40C /* Preview Assets.xcassets */,
			);
			path = "Preview Content";
			sourceTree = "<group>";
		};
		58F81A6E29BE2EB100BCD40C /* ExampleTests */ = {
			isa = PBXGroup;
			children = (
				58F81A6F29BE2EB100BCD40C /* ExampleTests.swift */,
			);
			path = ExampleTests;
			sourceTree = "<group>";
		};
		58F81A7829BE2EB100BCD40C /* ExampleUITests */ = {
			isa = PBXGroup;
			children = (
				58F81A7929BE2EB100BCD40C /* ExampleUITests.swift */,
				58F81A7B29BE2EB100BCD40C /* ExampleUITestsLaunchTests.swift */,
			);
			path = ExampleUITests;
			sourceTree = "<group>";
		};
/* End PBXGroup section */

/* Begin PBXNativeTarget section */
		58F81A5A29BE2EB000BCD40C /* Example */ = {
			isa = PBXNativeTarget;
			buildConfigurationList = 58F81A7F29BE2EB100BCD40C /* Build configuration list for PBXNativeTarget "Example" */;
			buildPhases = (
				58F81A5729BE2EB000BCD40C /* Sources */,
				58F81A5829BE2EB000BCD40C /* Frameworks */,
				58F81A5929BE2EB000BCD40C /* Resources */,
			);
			buildRules = (
			);
			dependencies = (
			);
			name = Example;
			packageProductDependencies = (
				58F81A8929BE2F2D00BCD40C /* Coder */,
			);
			productName = Example;
			productReference = 58F81A5B29BE2EB000BCD40C /* Example.app */;
			productType = "com.apple.product-type.application";
		};
		58F81A6A29BE2EB100BCD40C /* ExampleTests */ = {
			isa = PBXNativeTarget;
			buildConfigurationList = 58F81A8229BE2EB100BCD40C /* Build configuration list for PBXNativeTarget "ExampleTests" */;
			buildPhases = (
				58F81A6729BE2EB100BCD40C /* Sources */,
				58F81A6829BE2EB100BCD40C /* Frameworks */,
				58F81A6929BE2EB100BCD40C /* Resources */,
			);
			buildRules = (
			);
			dependencies = (
				58F81A6D29BE2EB100BCD40C /* PBXTargetDependency */,
			);
			name = ExampleTests;
			productName = ExampleTests;
			productReference = 58F81A6B29BE2EB100BCD40C /* ExampleTests.xctest */;
			productType = "com.apple.product-type.bundle.unit-test";
		};
		58F81A7429BE2EB100BCD40C /* ExampleUITests */ = {
			isa = PBXNativeTarget;
			buildConfigurationList = 58F81A8529BE2EB100BCD40C /* Build configuration list for PBXNativeTarget "ExampleUITests" */;
			buildPhases = (
				58F81A7129BE2EB100BCD40C /* Sources */,
				58F81A7229BE2EB100BCD40C /* Frameworks */,
				58F81A7329BE2EB100BCD40C /* Resources */,
			);
			buildRules = (
			);
			dependencies = (
				58F81A7729BE2EB100BCD40C /* PBXTargetDependency */,
			);
			name = ExampleUITests;
			productName = ExampleUITests;
			productReference = 58F81A7529BE2EB100BCD40C /* ExampleUITests.xctest */;
			productType = "com.apple.product-type.bundle.ui-testing";
		};
/* End PBXNativeTarget section */

/* Begin PBXProject section */
		58F81A5329BE2EB000BCD40C /* Project object */ = {
			isa = PBXProject;
			attributes = {
				BuildIndependentTargetsInParallel = 1;
				LastSwiftUpdateCheck = 1420;
				LastUpgradeCheck = 1420;
				TargetAttributes = {
					58F81A5A29BE2EB000BCD40C = {
						CreatedOnToolsVersion = 14.2;
					};
					58F81A6A29BE2EB100BCD40C = {
						CreatedOnToolsVersion = 14.2;
						TestTargetID = 58F81A5A29BE2EB000BCD40C;
					};
					58F81A7429BE2EB100BCD40C = {
						CreatedOnToolsVersion = 14.2;
						TestTargetID = 58F81A5A29BE2EB000BCD40C;
					};
				};
			};
			buildConfigurationList = 58F81A5629BE2EB000BCD40C /* Build configuration list for PBXProject "Example" */;
			compatibilityVersion = "Xcode 14.0";
			developmentRegion = en;
			hasScannedForEncodings = 0;
			knownRegions = (
				en,
				Base,
			);
			mainGroup = 58F81A5229BE2EB000BCD40C;
			packageReferences = (
				58F81A8829BE2F2D00BCD40C /* XCRemoteSwiftPackageReference "Coder" */,
			);
			productRefGroup = 58F81A5C29BE2EB000BCD40C /* Products */;
			projectDirPath = "";
			projectRoot = "";
			targets = (
				58F81A5A29BE2EB000BCD40C /* Example */,
				58F81A6A29BE2EB100BCD40C /* ExampleTests */,
				58F81A7429BE2EB100BCD40C /* ExampleUITests */,
			);
		};
/* End PBXProject section */

/* Begin PBXResourcesBuildPhase section */
		58F81A5929BE2EB000BCD40C /* Resources */ = {
			isa = PBXResourcesBuildPhase;
			buildActionMask = 2147483647;
			files = (
				58F81A6629BE2EB100BCD40C /* Preview Assets.xcassets in Resources */,
				58F81A6329BE2EB000BCD40C /* Assets.xcassets in Resources */,
			);
			runOnlyForDeploymentPostprocessing = 0;
		};
		58F81A6929BE2EB100BCD40C /* Resources */ = {
			isa = PBXResourcesBuildPhase;
			buildActionMask = 2147483647;
			files = (
			);
			runOnlyForDeploymentPostprocessing = 0;
		};
		58F81A7329BE2EB100BCD40C /* Resources */ = {
			isa = PBXResourcesBuildPhase;
			buildActionMask = 2147483647;
			files = (
			);
			runOnlyForDeploymentPostprocessing = 0;
		};
/* End PBXResourcesBuildPhase section */

/* Begin PBXSourcesBuildPhase section */
		58F81A5729BE2EB000BCD40C /* Sources */ = {
			isa = PBXSourcesBuildPhase;
			buildActionMask = 2147483647;
			files = (
				58F81A6129BE2EB000BCD40C /* ContentView.swift in Sources */,
				58F81A5F29BE2EB000BCD40C /* ExampleApp.swift in Sources */,
			);
			runOnlyForDeploymentPostprocessing = 0;
		};
		58F81A6729BE2EB100BCD40C /* Sources */ = {
			isa = PBXSourcesBuildPhase;
			buildActionMask = 2147483647;
			files = (
				58F81A7029BE2EB100BCD40C /* ExampleTests.swift in Sources */,
			);
			runOnlyForDeploymentPostprocessing = 0;
		};
		58F81A7129BE2EB100BCD40C /* Sources */ = {
			isa = PBXSourcesBuildPhase;
			buildActionMask = 2147483647;
			files = (
				58F81A7A29BE2EB100BCD40C /* ExampleUITests.swift in Sources */,
				58F81A7C29BE2EB100BCD40C /* ExampleUITestsLaunchTests.swift in Sources */,
			);
			runOnlyForDeploymentPostprocessing = 0;
		};
/* End PBXSourcesBuildPhase section */

/* Begin PBXTargetDependency section */
		58F81A6D29BE2EB100BCD40C /* PBXTargetDependency */ = {
			isa = PBXTargetDependency;
			target = 58F81A5A29BE2EB000BCD40C /* Example */;
			targetProxy = 58F81A6C29BE2EB100BCD40C /* PBXContainerItemProxy */;
		};
		58F81A7729BE2EB100BCD40C /* PBXTargetDependency */ = {
			isa = PBXTargetDependency;
			target = 58F81A5A29BE2EB000BCD40C /* Example */;
			targetProxy = 58F81A7629BE2EB100BCD40C /* PBXContainerItemProxy */;
		};
/* End PBXTargetDependency section */

/* Begin XCBuildConfiguration section */
		58F81A7D29BE2EB100BCD40C /* Debug */ = {
			isa = XCBuildConfiguration;
			buildSettings = {
				ALWAYS_SEARCH_USER_PATHS = NO;
				CLANG_ANALYZER_NONNULL = YES;
				CLANG_ANALYZER_NUMBER_OBJECT_CONVERSION = YES_AGGRESSIVE;
				CLANG_CXX_LANGUAGE_STANDARD = "gnu++20";
				CLANG_ENABLE_MODULES = YES;
				CLANG_ENABLE_OBJC_ARC = YES;
				CLANG_ENABLE_OBJC_WEAK = YES;
				CLANG_WARN_BLOCK_CAPTURE_AUTORELEASING = YES;
				CLANG_WARN_BOOL_CONVERSION = YES;
				CLANG_WARN_COMMA = YES;
				CLANG_WARN_CONSTANT_CONVERSION = YES;
				CLANG_WARN_DEPRECATED_OBJC_IMPLEMENTATIONS = YES;
				CLANG_WARN_DIRECT_OBJC_ISA_USAGE = YES_ERROR;
				CLANG_WARN_DOCUMENTATION_COMMENTS = YES;
				CLANG_WARN_EMPTY_BODY = YES;
				CLANG_WARN_ENUM_CONVERSION = YES;
				CLANG_WARN_INFINITE_RECURSION = YES;
				CLANG_WARN_INT_CONVERSION = YES;
				CLANG_WARN_NON_LITERAL_NULL_CONVERSION = YES;
				CLANG_WARN_OBJC_IMPLICIT_RETAIN_SELF = YES;
				CLANG_WARN_OBJC_LITERAL_CONVERSION = YES;
				CLANG_WARN_OBJC_ROOT_CLASS = YES_ERROR;
				CLANG_WARN_QUOTED_INCLUDE_IN_FRAMEWORK_HEADER = YES;
				CLANG_WARN_RANGE_LOOP_ANALYSIS = YES;
				CLANG_WARN_STRICT_PROTOTYPES = YES;
				CLANG_WARN_SUSPICIOUS_MOVE = YES;
				CLANG_WARN_UNGUARDED_AVAILABILITY = YES_AGGRESSIVE;
				CLANG_WARN_UNREACHABLE_CODE = YES;
				CLANG_WARN__DUPLICATE_METHOD_MATCH = YES;
				COPY_PHASE_STRIP = NO;
				DEBUG_INFORMATION_FORMAT = dwarf;
				ENABLE_STRICT_OBJC_MSGSEND = YES;
				ENABLE_TESTABILITY = YES;
				GCC_C_LANGUAGE_STANDARD = gnu11;
				GCC_DYNAMIC_NO_PIC = NO;
				GCC_NO_COMMON_BLOCKS = YES;
				GCC_OPTIMIZATION_LEVEL = 0;
				GCC_PREPROCESSOR_DEFINITIONS = (
					"DEBUG=1",
					"$(inherited)",
				);
				GCC_WARN_64_TO_32_BIT_CONVERSION = YES;
				GCC_WARN_ABOUT_RETURN_TYPE = YES_ERROR;
				GCC_WARN_UNDECLARED_SELECTOR = YES;
				GCC_WARN_UNINITIALIZED_AUTOS = YES_AGGRESSIVE;
				GCC_WARN_UNUSED_FUNCTION = YES;
				GCC_WARN_UNUSED_VARIABLE = YES;
				IPHONEOS_DEPLOYMENT_TARGET = 17.0;
				MTL_ENABLE_DEBUG_INFO = INCLUDE_SOURCE;
				MTL_FAST_MATH = YES;
				ONLY_ACTIVE_ARCH = YES;
				SDKROOT = iphoneos;
				SWIFT_ACTIVE_COMPILATION_CONDITIONS = DEBUG;
				SWIFT_OPTIMIZATION_LEVEL = "-Onone";
			};
			name = Debug;
		};
		58F81A7E29BE2EB100BCD40C /* Release */ = {
			isa = XCBuildConfiguration;
			buildSettings = {
				ALWAYS_SEARCH_USER_PATHS = NO;
				CLANG_ANALYZER_NONNULL = YES;
				CLANG_ANALYZER_NUMBER_OBJECT_CONVERSION = YES_AGGRESSIVE;
				CLANG_CXX_LANGUAGE_STANDARD = "gnu++20";
				CLANG_ENABLE_MODULES = YES;
				CLANG_ENABLE_OBJC_ARC = YES;
				CLANG_ENABLE_OBJC_WEAK = YES;
				CLANG_WARN_BLOCK_CAPTURE_AUTORELEASING = YES;
				CLANG_WARN_BOOL_CONVERSION = YES;
				CLANG_WARN_COMMA = YES;
				CLANG_WARN_CONSTANT_CONVERSION = YES;
				CLANG_WARN_DEPRECATED_OBJC_IMPLEMENTATIONS = YES;
				CLANG_WARN_DIRECT_OBJC_ISA_USAGE = YES_ERROR;
				CLANG_WARN_DOCUMENTATION_COMMENTS = YES;
				CLANG_WARN_EMPTY_BODY = YES;
				CLANG_WARN_ENUM_CONVERSION = YES;
				CLANG_WARN_INFINITE_RECURSION = YES;
				CLANG_WARN_INT_CONVERSION = YES;
				CLANG_WARN_NON_LITERAL_NULL_CONVERSION = YES;
				CLANG_WARN_OBJC_IMPLICIT_RETAIN_SELF = YES;
				CLANG_WARN_OBJC_LITERAL_CONVERSION = YES;
				CLANG_WARN_OBJC_ROOT_CLASS = YES_ERROR;
				CLANG_WARN_QUOTED_INCLUDE_IN_FRAMEWORK_HEADER = YES;
				CLANG_WARN_RANGE_LOOP_ANALYSIS = YES;
				CLANG_WARN_STRICT_PROTOTYPES = YES;
				CLANG_WARN_SUSPICIOUS_MOVE = YES;
				CLANG_WARN_UNGUARDED_AVAILABILITY = YES_AGGRESSIVE;
				CLANG_WARN_UNREACHABLE_CODE = YES;
				CLANG_WARN__DUPLICATE_METHOD_MATCH = YES;
				COPY_PHASE_STRIP = NO;
				DEBUG_INFORMATION_FORMAT = "dwarf-with-dsym";
				ENABLE_NS_ASSERTIONS = NO;
				ENABLE_STRICT_OBJC_MSGSEND = YES;
				GCC_C_LANGUAGE_STANDARD = gnu11;
				GCC_NO_COMMON_BLOCKS = YES;
				GCC_WARN_64_TO_32_BIT_CONVERSION = YES;
				GCC_WARN_ABOUT_RETURN_TYPE = YES_ERROR;
				GCC_WARN_UNDECLARED_SELECTOR = YES;
				GCC_WARN_UNINITIALIZED_AUTOS = YES_AGGRESSIVE;
				GCC_WARN_UNUSED_FUNCTION = YES;
				GCC_WARN_UNUSED_VARIABLE = YES;
				IPHONEOS_DEPLOYMENT_TARGET = 17.0;
				MTL_ENABLE_DEBUG_INFO = NO;
				MTL_FAST_MATH = YES;
				SDKROOT = iphoneos;
				SWIFT_COMPILATION_MODE = wholemodule;
				SWIFT_OPTIMIZATION_LEVEL = "-O";
				VALIDATE_PRODUCT = YES;
			};
			name = Release;
		};
		58F81A8029BE2EB100BCD40C /* Debug */ = {
			isa = XCBuildConfiguration;
			buildSettings = {
				ASSETCATALOG_COMPILER_APPICON_NAME = AppIcon;
				ASSETCATALOG_COMPILER_GLOBAL_ACCENT_COLOR_NAME = AccentColor;
				CODE_SIGN_STYLE = Automatic;
				CURRENT_PROJECT_VERSION = 1;
				DEVELOPMENT_ASSET_PATHS = "\"Example/Preview Content\"";
				ENABLE_PREVIEWS = YES;
				GENERATE_INFOPLIST_FILE = YES;
				INFOPLIST_KEY_UIApplicationSceneManifest_Generation = YES;
				INFOPLIST_KEY_UIApplicationSupportsIndirectInputEvents = YES;
				INFOPLIST_KEY_UILaunchScreen_Generation = YES;
				INFOPLIST_KEY_UISupportedInterfaceOrientations_iPad = "UIInterfaceOrientationPortrait UIInterfaceOrientationPortraitUpsideDown UIInterfaceOrientationLandscapeLeft UIInterfaceOrientationLandscapeRight";
				INFOPLIST_KEY_UISupportedInterfaceOrientations_iPhone = "UIInterfaceOrientationPortrait UIInterfaceOrientationLandscapeLeft UIInterfaceOrientationLandscapeRight";
				LD_RUNPATH_SEARCH_PATHS = (
					"$(inherited)",
					"@executable_path/Frameworks",
				);
				MARKETING_VERSION = 1.0;
				PRODUCT_BUNDLE_IDENTIFIER = hu.example.coder.Example.Example;
				PRODUCT_NAME = "$(TARGET_NAME)";
				SWIFT_EMIT_LOC_STRINGS = YES;
				SWIFT_VERSION = 5.0;
				TARGETED_DEVICE_FAMILY = "1,2";
			};
			name = Debug;
		};
		58F81A8129BE2EB100BCD40C /* Release */ = {
			isa = XCBuildConfiguration;
			buildSettings = {
				ASSETCATALOG_COMPILER_APPICON_NAME = AppIcon;
				ASSETCATALOG_COMPILER_GLOBAL_ACCENT_COLOR_NAME = AccentColor;
				CODE_SIGN_STYLE = Automatic;
				CURRENT_PROJECT_VERSION = 1;
				DEVELOPMENT_ASSET_PATHS = "\"Example/Preview Content\"";
				ENABLE_PREVIEWS = YES;
				GENERATE_INFOPLIST_FILE = YES;
				INFOPLIST_KEY_UIApplicationSceneManifest_Generation = YES;
				INFOPLIST_KEY_UIApplicationSupportsIndirectInputEvents = YES;
				INFOPLIST_KEY_UILaunchScreen_Generation = YES;
				INFOPLIST_KEY_UISupportedInterfaceOrientations_iPad = "UIInterfaceOrientationPortrait UIInterfaceOrientationPortraitUpsideDown UIInterfaceOrientationLandscapeLeft UIInterfaceOrientationLandscapeRight";
				INFOPLIST_KEY_UISupportedInterfaceOrientations_iPhone = "UIInterfaceOrientationPortrait UIInterfaceOrientationLandscapeLeft UIInterfaceOrientationLandscapeRight";
				LD_RUNPATH_SEARCH_PATHS = (
					"$(inherited)",
					"@executable_path/Frameworks",
				);
				MARKETING_VERSION = 1.0;
				PRODUCT_BUNDLE_IDENTIFIER = hu.example.coder.Example.Example;
				PRODUCT_NAME = "$(TARGET_NAME)";
				SWIFT_EMIT_LOC_STRINGS = YES;
				SWIFT_VERSION = 5.0;
				TARGETED_DEVICE_FAMILY = "1,2";
			};
			name = Release;
		};
		58F81A8329BE2EB100BCD40C /* Debug */ = {
			isa = XCBuildConfiguration;
			buildSettings = {
				ALWAYS_EMBED_SWIFT_STANDARD_LIBRARIES = YES;
				BUNDLE_LOADER = "$(TEST_HOST)";
				CODE_SIGN_STYLE = Automatic;
				CURRENT_PROJECT_VERSION = 1;
				GENERATE_INFOPLIST_FILE = YES;
				IPHONEOS_DEPLOYMENT_TARGET = 17.0;
				MARKETING_VERSION = 1.0;
				PRODUCT_BUNDLE_IDENTIFIER = hu.example.coder.Example.ExampleTests;
				PRODUCT_NAME = "$(TARGET_NAME)";
				SWIFT_EMIT_LOC_STRINGS = NO;
				SWIFT_VERSION = 5.0;
				TARGETED_DEVICE_FAMILY = "1,2";
				TEST_HOST = "$(BUILT_PRODUCTS_DIR)/Example.app/$(BUNDLE_EXECUTABLE_FOLDER_PATH)/Example";
			};
			name = Debug;
		};
		58F81A8429BE2EB100BCD40C /* Release */ = {
			isa = XCBuildConfiguration;
			buildSettings = {
				ALWAYS_EMBED_SWIFT_STANDARD_LIBRARIES = YES;
				BUNDLE_LOADER = "$(TEST_HOST)";
				CODE_SIGN_STYLE = Automatic;
				CURRENT_PROJECT_VERSION = 1;
				GENERATE_INFOPLIST_FILE = YES;
				IPHONEOS_DEPLOYMENT_TARGET = 17.0;
				MARKETING_VERSION = 1.0;
				PRODUCT_BUNDLE_IDENTIFIER = hu.example.coder.Example.ExampleTests;
				PRODUCT_NAME = "$(TARGET_NAME)";
				SWIFT_EMIT_LOC_STRINGS = NO;
				SWIFT_VERSION = 5.0;
				TARGETED_DEVICE_FAMILY = "1,2";
				TEST_HOST = "$(BUILT_PRODUCTS_DIR)/Example.app/$(BUNDLE_EXECUTABLE_FOLDER_PATH)/Example";
			};
			name = Release;
		};
		58F81A8629BE2EB100BCD40C /* Debug */ = {
			isa = XCBuildConfiguration;
			buildSettings = {
				ALWAYS_EMBED_SWIFT_STANDARD_LIBRARIES = YES;
				CODE_SIGN_STYLE = Automatic;
				CURRENT_PROJECT_VERSION = 1;
				GENERATE_INFOPLIST_FILE = YES;
				MARKETING_VERSION = 1.0;
				PRODUCT_BUNDLE_IDENTIFIER = hu.example.coder.Example.ExampleUITests;
				PRODUCT_NAME = "$(TARGET_NAME)";
				SWIFT_EMIT_LOC_STRINGS = NO;
				SWIFT_VERSION = 5.0;
				TARGETED_DEVICE_FAMILY = "1,2";
				TEST_TARGET_NAME = Example;
			};
			name = Debug;
		};
		58F81A8729BE2EB100BCD40C /* Release */ = {
			isa = XCBuildConfiguration;
			buildSettings = {
				ALWAYS_EMBED_SWIFT_STANDARD_LIBRARIES = YES;
				CODE_SIGN_STYLE = Automatic;
				CURRENT_PROJECT_VERSION = 1;
				GENERATE_INFOPLIST_FILE = YES;
				MARKETING_VERSION = 1.0;
				PRODUCT_BUNDLE_IDENTIFIER = hu.example.coder.Example.ExampleUITests;
				PRODUCT_NAME = "$(TARGET_NAME)";
				SWIFT_EMIT_LOC_STRINGS = NO;
				SWIFT_VERSION = 5.0;
				TARGETED_DEVICE_FAMILY = "1,2";
				TEST_TARGET_NAME = Example;
			};
			name = Release;
		};
/* End XCBuildConfiguration section */

/* Begin XCConfigurationList section */
		58F81A5629BE2EB000BCD40C /* Build configuration list for PBXProject "Example" */ = {
			isa = XCConfigurationList;
			buildConfigurations = (
				58F81A7D29BE2EB100BCD40C /* Debug */,
				58F81A7E29BE2EB100BCD40C /* Release */,
			);
			defaultConfigurationIsVisible = 0;
			defaultConfigurationName = Release;
		};
		58F81A7F29BE2EB100BCD40C /* Build configuration list for PBXNativeTarget "Example" */ = {
			isa = XCConfigurationList;
			buildConfigurations = (
				58F81A8029BE2EB100BCD40C /* Debug */,
				58F81A8129BE2EB100BCD40C /* Release */,
			);
			defaultConfigurationIsVisible = 0;
			defaultConfigurationName = Release;
		};
		58F81A8229BE2EB100BCD40C /* Build configuration list for PBXNativeTarget "ExampleTests" */ = {
			isa = XCConfigurationList;
			buildConfigurations = (
				58F81A8329BE2EB100BCD40C /* Debug */,
				58F81A8429BE2EB100BCD40C /* Release */,
			);
			defaultConfigurationIsVisible = 0;
			defaultConfigurationName = Release;
		};
		58F81A8529BE2EB100BCD40C /* Build configuration list for PBXNativeTarget "ExampleUITests" */ = {
			isa = XCConfigurationList;
			buildConfigurations = (
				58F81A8629BE2EB100BCD40C /* Debug */,
				58F81A8729BE2EB100BCD40C /* Release */,
			);
			defaultConfigurationIsVisible = 0;
			defaultConfigurationName = Release;
		};
/* End XCConfigurationList section */

/* Begin XCRemoteSwiftPackageReference section */
		58F81A8829BE2F2D00BCD40C /* XCRemoteSwiftPackageReference "Coder" */ = {
			isa = XCRemoteSwiftPackageReference;
			repositoryURL = "https://github.com/stateman92/Coder";
			requirement = {
				kind = exactVersion;
				version = 0.0.2;
			};
		};
/* End XCRemoteSwiftPackageReference section */

/* Begin XCSwiftPackageProductDependency section */
		58F81A8929BE2F2D00BCD40C /* Coder */ = {
			isa = XCSwiftPackageProductDependency;
			package = 58F81A8829BE2F2D00BCD40C /* XCRemoteSwiftPackageReference "Coder" */;
			productName = Coder;
		};
/* End XCSwiftPackageProductDependency section */
	};
	rootObject = 58F81A5329BE2EB000BCD40C /* Project object */;
}
